<?xml version="1.0" encoding="utf-8"?>
<Project ToolsVersion="4.0" xmlns="http://schemas.microsoft.com/developer/msbuild/2003">
  <ItemGroup>
    <Filter Include="shader">
      <UniqueIdentifier>{9b5be91e-5529-4222-9c5b-f28c644a31f3}</UniqueIdentifier>
    </Filter>
  </ItemGroup>
  <ItemGroup>
    <None Include="..\..\shader\Square.frag">
      <Filter>shader</Filter>
    </None>
    <None Include="..\..\shader\Square.vert">
      <Filter>shader</Filter>
    </None>
  </ItemGroup>
  <ItemGroup>
    <ClCompile Include="..\..\app\source\Square\Square.cpp" />
    <ClCompile Include="..\..\app\source\Square\main_engine.cpp" />
  </ItemGroup>
  <ItemGroup>
    <ClInclude Include="..\..\app\source\Square\Square.h" />
  </ItemGroup>
</Project>