<?xml version="1.0" encoding="utf-8"?>
<Project ToolsVersion="4.0" xmlns="http://schemas.microsoft.com/developer/msbuild/2003">
  <ItemGroup>
    <Filter Include="source">
      <UniqueIdentifier>{f0e5178c-9cb3-48c0-b27d-e12a7e5c083e}</UniqueIdentifier>
    </Filter>
    <Filter Include="app">
      <UniqueIdentifier>{f9bd0ae7-abc2-4a96-8844-2f6e778397c2}</UniqueIdentifier>
    </Filter>
    <Filter Include="app\common">
      <UniqueIdentifier>{406f1946-ce17-4095-abd9-2449c4a8e275}</UniqueIdentifier>
    </Filter>
    <Filter Include="app\triangle">
      <UniqueIdentifier>{a380fe96-44c2-4fb9-ac52-6a38c14ad06f}</UniqueIdentifier>
    </Filter>
    <Filter Include="component">
      <UniqueIdentifier>{9475362c-139b-4966-ba47-a629d4857e81}</UniqueIdentifier>
    </Filter>
    <Filter Include="shader">
      <UniqueIdentifier>{8ab59d28-75f1-4158-9e56-a5e8a258572e}</UniqueIdentifier>
    </Filter>
    <Filter Include="source\imgui">
      <UniqueIdentifier>{c296ab41-e891-4cfa-ac1c-2e05c6817f4a}</UniqueIdentifier>
    </Filter>
    <Filter Include="app\common\imgui">
      <UniqueIdentifier>{9208fa2e-0d38-4fab-92df-d886e01d3def}</UniqueIdentifier>
    </Filter>
  </ItemGroup>
  <ItemGroup>
    <ClCompile Include="..\..\app\source\main_engine.cpp" />
    <ClCompile Include="..\..\app\source\engine\VKdevice.cpp">
      <Filter>source</Filter>
    </ClCompile>
    <ClCompile Include="..\..\app\source\engine\VKengine.cpp">
      <Filter>source</Filter>
    </ClCompile>
    <ClCompile Include="..\..\app\source\engine\VKkey.cpp">
      <Filter>source</Filter>
    </ClCompile>
    <ClCompile Include="..\..\app\source\_common.cpp">
      <Filter>app\common</Filter>
    </ClCompile>
    <ClCompile Include="..\..\app\source\engine\Debug.cpp">
      <Filter>source</Filter>
    </ClCompile>
    <ClCompile Include="..\..\app\source\engine\helper.cpp">
      <Filter>source</Filter>
    </ClCompile>
    <ClCompile Include="..\..\app\source\engine\VKswapchain.cpp">
      <Filter>source</Filter>
    </ClCompile>
    <ClCompile Include="..\..\app\cpp\triangle.cpp">
      <Filter>app\triangle</Filter>
    </ClCompile>
    <ClCompile Include="..\..\app\source\engine\Camera.cpp">
      <Filter>component</Filter>
    </ClCompile>
    <ClCompile Include="..\..\app\source\engine\VKimgui.cpp">
      <Filter>source</Filter>
    </ClCompile>
    <ClCompile Include="..\..\app\cpp\imguiTriangle.cpp">
      <Filter>app\common\imgui</Filter>
    </ClCompile>
    <ClCompile Include="..\..\app\source\engine\imgui.cpp">
      <Filter>source\imgui</Filter>
    </ClCompile>
    <ClCompile Include="..\..\app\source\engine\imgui_demo.cpp">
      <Filter>source\imgui</Filter>
    </ClCompile>
    <ClCompile Include="..\..\app\source\engine\imgui_draw.cpp">
      <Filter>source\imgui</Filter>
    </ClCompile>
    <ClCompile Include="..\..\app\source\engine\imgui_impl_glfw.cpp">
      <Filter>source\imgui</Filter>
    </ClCompile>
    <ClCompile Include="..\..\app\source\engine\imgui_impl_vulkan.cpp">
      <Filter>source\imgui</Filter>
    </ClCompile>
    <ClCompile Include="..\..\app\source\engine\imgui_tables.cpp">
      <Filter>source\imgui</Filter>
    </ClCompile>
    <ClCompile Include="..\..\app\source\engine\imgui_widgets.cpp">
      <Filter>source\imgui</Filter>
    </ClCompile>
  </ItemGroup>
  <ItemGroup>
    <ClInclude Include="..\..\app\source\engine\VKdevice.h">
      <Filter>source</Filter>
    </ClInclude>
    <ClInclude Include="..\..\app\source\engine\VKengine.h">
      <Filter>source</Filter>
    </ClInclude>
    <ClInclude Include="..\..\app\source\engine\VKkey.h">
      <Filter>source</Filter>
    </ClInclude>
    <ClInclude Include="..\..\app\source\_common.h">
      <Filter>app\common</Filter>
    </ClInclude>
    <ClInclude Include="..\..\app\source\engine\Debug.h">
      <Filter>source</Filter>
    </ClInclude>
    <ClInclude Include="..\..\app\source\engine\helper.h">
      <Filter>source</Filter>
    </ClInclude>
    <ClInclude Include="..\..\app\source\engine\VKswapchain.h">
      <Filter>source</Filter>
    </ClInclude>
    <ClInclude Include="..\..\app\cpp\triangle.h">
      <Filter>app\triangle</Filter>
    </ClInclude>
    <ClInclude Include="..\..\app\source\engine\Camera.h">
      <Filter>component</Filter>
    </ClInclude>
    <ClInclude Include="..\..\app\source\struct.h">
      <Filter>app\common</Filter>
    </ClInclude>
    <ClInclude Include="..\..\app\source\engine\VKimgui.h">
      <Filter>source</Filter>
    </ClInclude>
    <ClInclude Include="..\..\app\cpp\imguiTriangle.h">
      <Filter>app\common\imgui</Filter>
    </ClInclude>
  </ItemGroup>
  <ItemGroup>
    <None Include="..\..\shader\compile.bat">
      <Filter>shader</Filter>
    </None>
    <None Include="..\..\shader\compile_debug.bat">
      <Filter>shader</Filter>
    </None>
    <None Include="..\..\shader\frag.spv">
      <Filter>shader</Filter>
    </None>
    <None Include="..\..\shader\shader.frag">
      <Filter>shader</Filter>
    </None>
    <None Include="..\..\shader\shader.vert">
      <Filter>shader</Filter>
    </None>
    <None Include="..\..\shader\vert.spv">
      <Filter>shader</Filter>
    </None>
    <None Include="..\..\shader\trinagle00.frag">
      <Filter>shader</Filter>
    </None>
    <None Include="..\..\shader\trinagle00.vert">
      <Filter>shader</Filter>
    </None>
    <None Include="..\..\shader\vertTrinagle00.spv">
      <Filter>shader</Filter>
    </None>
    <None Include="..\..\shader\fragTrinagle00.spv">
      <Filter>shader</Filter>
    </None>
  </ItemGroup>
</Project>