<?xml version="1.0" encoding="utf-8"?>
<Project ToolsVersion="4.0" xmlns="http://schemas.microsoft.com/developer/msbuild/2003">
  <ItemGroup>
    <Filter Include="app">
      <UniqueIdentifier>{f9bd0ae7-abc2-4a96-8844-2f6e778397c2}</UniqueIdentifier>
    </Filter>
    <Filter Include="app\triangle">
      <UniqueIdentifier>{a380fe96-44c2-4fb9-ac52-6a38c14ad06f}</UniqueIdentifier>
    </Filter>
    <Filter Include="shader">
      <UniqueIdentifier>{8ab59d28-75f1-4158-9e56-a5e8a258572e}</UniqueIdentifier>
    </Filter>
    <Filter Include="app\camera">
      <UniqueIdentifier>{9208fa2e-0d38-4fab-92df-d886e01d3def}</UniqueIdentifier>
    </Filter>
    <Filter Include="app\skymap">
      <UniqueIdentifier>{d72abba6-8d83-436f-944e-722337971191}</UniqueIdentifier>
    </Filter>
    <Filter Include="app\texture">
      <UniqueIdentifier>{61cada18-272f-4ddd-a6c2-dc1f9771c34b}</UniqueIdentifier>
    </Filter>
    <Filter Include="component">
      <UniqueIdentifier>{a4a6a9a9-4dc9-4f78-9994-2566696d3f8d}</UniqueIdentifier>
    </Filter>
  </ItemGroup>
  <ItemGroup>
    <ClCompile Include="..\..\app\source\main_engine.cpp" />
    <ClCompile Include="..\..\app\cpp\triangle.cpp">
      <Filter>app\triangle</Filter>
    </ClCompile>
    <ClCompile Include="..\..\app\cpp\cameraEngine.cpp">
      <Filter>app\camera</Filter>
    </ClCompile>
    <ClCompile Include="..\..\app\cpp\skymap.cpp">
      <Filter>app\skymap</Filter>
    </ClCompile>
    <ClCompile Include="..\..\app\cpp\texture.cpp">
      <Filter>app\texture</Filter>
    </ClCompile>
    <ClCompile Include="..\..\app\source\engine\Camera.cpp">
      <Filter>component</Filter>
    </ClCompile>
    <ClCompile Include="..\..\app\cpp\texturearray.cpp">
      <Filter>app\texture</Filter>
    </ClCompile>
  </ItemGroup>
  <ItemGroup>
    <ClInclude Include="..\..\app\cpp\triangle.h">
      <Filter>app\triangle</Filter>
    </ClInclude>
    <ClInclude Include="..\..\app\cpp\cameraEngine.h">
      <Filter>app\camera</Filter>
    </ClInclude>
    <ClInclude Include="..\..\app\cpp\skymap.h">
      <Filter>app\skymap</Filter>
    </ClInclude>
    <ClInclude Include="..\..\app\cpp\texture.h">
      <Filter>app\texture</Filter>
    </ClInclude>
    <ClInclude Include="..\..\app\source\engine\Camera.h">
      <Filter>component</Filter>
    </ClInclude>
    <ClInclude Include="..\..\app\cpp\texturearray.h">
      <Filter>app\texture</Filter>
    </ClInclude>
  </ItemGroup>
  <ItemGroup>
    <None Include="..\..\shader\compile.bat">
      <Filter>shader</Filter>
    </None>
    <None Include="..\..\shader\compile_debug.bat">
      <Filter>shader</Filter>
    </None>
    <None Include="..\..\shader\trinagle.vert">
      <Filter>shader</Filter>
    </None>
    <None Include="..\..\shader\shader.vert">
      <Filter>shader</Filter>
    </None>
    <None Include="..\..\shader\cube.vert">
      <Filter>shader</Filter>
    </None>
    <None Include="..\..\shader\trinagle.frag">
      <Filter>shader</Filter>
    </None>
    <None Include="..\..\shader\shader.frag">
      <Filter>shader</Filter>
    </None>
    <None Include="..\..\shader\cube.frag">
      <Filter>shader</Filter>
    </None>
    <None Include="..\..\shader\skybox.vert">
      <Filter>shader</Filter>
    </None>
    <None Include="..\..\shader\skybox.frag">
      <Filter>shader</Filter>
    </None>
    <None Include="..\..\shader\reflect.vert">
      <Filter>shader</Filter>
    </None>
    <None Include="..\..\shader\reflect.frag">
      <Filter>shader</Filter>
    </None>
  </ItemGroup>
</Project>