
Microsoft Visual Studio Solution File, Format Version 12.00
# Visual Studio Version 17
VisualStudioVersion = 17.12.35527.113
MinimumVisualStudioVersion = 10.0.40219.1
Project("{8BC9CEB8-8B4A-11D0-8D11-00A0C91BC942}") = "01.basis2", "15.basis2\15.basis2.vcxproj", "{94E1C5A1-2D56-40C9-94B1-B59D5D4C8DAA}"
EndProject
Project("{8BC9CEB8-8B4A-11D0-8D11-00A0C91BC942}") = "02.shade_reflect", "15.shade_reflect\15.shade_reflect.vcxproj", "{F73BD1EC-736D-4CE1-AFD9-FDB227E4E0B8}"
EndProject
Project("{2150E333-8FDC-42A3-9474-1A3956D46DE8}") = "constent2", "constent2", "{9982C1F3-33A6-4CD6-9D5F-E8BF420AC414}"
EndProject
Project("{8BC9CEB8-8B4A-11D0-8D11-00A0C91BC942}") = "basicEngine2", "basicEngine2\basicEngine2.vcxproj", "{AA7BEBA8-C275-4C9B-BA08-A371B71683E6}"
EndProject
Project("{8BC9CEB8-8B4A-11D0-8D11-00A0C91BC942}") = "03.Pipeline", "03.Pipeline\03.Pipeline.vcxproj", "{940B8462-C224-4039-A23C-A10D6BCAFBED}"
EndProject
Project("{8BC9CEB8-8B4A-11D0-8D11-00A0C91BC942}") = "component2", "component2\component2.vcxproj", "{672262A0-F3E9-4795-8A7F-3FED16C55BD1}"
EndProject
Project("{8BC9CEB8-8B4A-11D0-8D11-00A0C91BC942}") = "04.skybox", "04.skybox\04.skybox.vcxproj", "{40922717-3B8E-45F7-91C8-09E209AEF8AF}"
EndProject
Project("{8BC9CEB8-8B4A-11D0-8D11-00A0C91BC942}") = "05.postprocessing", "05.postprocessing\05.postprocessing.vcxproj", "{C4939E82-22A4-4505-B2D2-66B8A3B4CD71}"
EndProject
Project("{8BC9CEB8-8B4A-11D0-8D11-00A0C91BC942}") = "00.renderGUI", "00.renderGUI\00.renderGUI.vcxproj", "{05FC4A55-53AF-483E-9FCD-5FCF6C92F21B}"
EndProject
Project("{8BC9CEB8-8B4A-11D0-8D11-00A0C91BC942}") = "06.GLTF", "06.GLTF\06.GLTF.vcxproj", "{BCBE19C8-8A27-4AFB-AD3B-9276C2BA0F36}"
EndProject
Project("{2150E333-8FDC-42A3-9474-1A3956D46DE8}") = "shader", "shader", "{139851B6-2406-47EF-83C7-554588008509}"
	ProjectSection(SolutionItems) = preProject
		..\shader\computerShdaer.comp = ..\shader\computerShdaer.comp
		..\shader\CSsample.comp = ..\shader\CSsample.comp
		..\shader\cube.frag = ..\shader\cube.frag
		..\shader\cube.vert = ..\shader\cube.vert
		..\shader\filtercube.vert = ..\shader\filtercube.vert
		..\shader\genbrdflut.frag = ..\shader\genbrdflut.frag
		..\shader\genbrdflut.vert = ..\shader\genbrdflut.vert
		..\shader\IBLpbr.frag = ..\shader\IBLpbr.frag
		..\shader\IBLpbr.vert = ..\shader\IBLpbr.vert
		..\shader\IBLskybox.frag = ..\shader\IBLskybox.frag
		..\shader\IBLskybox.vert = ..\shader\IBLskybox.vert
		..\shader\imgui.frag = ..\shader\imgui.frag
		..\shader\imgui.vert = ..\shader\imgui.vert
		..\shader\irradiancecube.frag = ..\shader\irradiancecube.frag
		..\shader\loadmodel.frag = ..\shader\loadmodel.frag
		..\shader\loadmodel.vert = ..\shader\loadmodel.vert
		..\shader\loadmodel2.frag = ..\shader\loadmodel2.frag
		..\shader\mesh.frag = ..\shader\mesh.frag
		..\shader\mesh.vert = ..\shader\mesh.vert
		..\shader\NormalShader.frag = ..\shader\NormalShader.frag
		..\shader\NormalShader.vert = ..\shader\NormalShader.vert
		..\shader\ParticleFS.frag = ..\shader\ParticleFS.frag
		..\shader\ParticleVS.vert = ..\shader\ParticleVS.vert
		..\shader\pbr.frag = ..\shader\pbr.frag
		..\shader\pbr.vert = ..\shader\pbr.vert
		..\shader\pbrForward.frag = ..\shader\pbrForward.frag
		..\shader\pbrForward.vert = ..\shader\pbrForward.vert
		..\shader\pbrModel.frag = ..\shader\pbrModel.frag
		..\shader\pbrModel.vert = ..\shader\pbrModel.vert
		..\shader\pbrtexture.frag = ..\shader\pbrtexture.frag
		..\shader\pbrtexture.vert = ..\shader\pbrtexture.vert
		..\shader\post.frag = ..\shader\post.frag
		..\shader\post.vert = ..\shader\post.vert
		..\shader\prefilterenvmap.frag = ..\shader\prefilterenvmap.frag
		..\shader\reflect.frag = ..\shader\reflect.frag
		..\shader\reflect.vert = ..\shader\reflect.vert
		..\shader\shader.frag = ..\shader\shader.frag
		..\shader\shader.vert = ..\shader\shader.vert
		..\shader\skybox.frag = ..\shader\skybox.frag
		..\shader\skybox.vert = ..\shader\skybox.vert
		..\shader\skybox2.frag = ..\shader\skybox2.frag
		..\shader\skybox2.vert = ..\shader\skybox2.vert
		..\shader\Square.frag = ..\shader\Square.frag
		..\shader\Square.vert = ..\shader\Square.vert
		..\shader\Texture.frag = ..\shader\Texture.frag
		..\shader\Texture.vert = ..\shader\Texture.vert
		..\shader\triangle.frag = ..\shader\triangle.frag
		..\shader\triangle.vert = ..\shader\triangle.vert
	EndProjectSection
EndProject
Project("{8BC9CEB8-8B4A-11D0-8D11-00A0C91BC942}") = "common", "common\common.vcxproj", "{1950486A-E32D-424D-B403-243F6A452517}"
EndProject
Project("{8BC9CEB8-8B4A-11D0-8D11-00A0C91BC942}") = "ResumeDemo", "ResumeDemo\ResumeDemo.vcxproj", "{D3E4D430-C961-4B76-B7CC-7A7F5B90C24E}"
EndProject
Project("{8BC9CEB8-8B4A-11D0-8D11-00A0C91BC942}") = "PhysicalSimulation", "PhysicalSimulation\PhysicalSimulation.vcxproj", "{33737D46-C44A-4FC5-A1F5-A441032D33FB}"
EndProject
Global
	GlobalSection(SolutionConfigurationPlatforms) = preSolution
		Debug|x64 = Debug|x64
		Release|x64 = Release|x64
	EndGlobalSection
	GlobalSection(ProjectConfigurationPlatforms) = postSolution
		{94E1C5A1-2D56-40C9-94B1-B59D5D4C8DAA}.Debug|x64.ActiveCfg = Debug|x64
		{94E1C5A1-2D56-40C9-94B1-B59D5D4C8DAA}.Debug|x64.Build.0 = Debug|x64
		{94E1C5A1-2D56-40C9-94B1-B59D5D4C8DAA}.Release|x64.ActiveCfg = Release|x64
		{94E1C5A1-2D56-40C9-94B1-B59D5D4C8DAA}.Release|x64.Build.0 = Release|x64
		{F73BD1EC-736D-4CE1-AFD9-FDB227E4E0B8}.Debug|x64.ActiveCfg = Debug|x64
		{F73BD1EC-736D-4CE1-AFD9-FDB227E4E0B8}.Debug|x64.Build.0 = Debug|x64
		{F73BD1EC-736D-4CE1-AFD9-FDB227E4E0B8}.Release|x64.ActiveCfg = Release|x64
		{F73BD1EC-736D-4CE1-AFD9-FDB227E4E0B8}.Release|x64.Build.0 = Release|x64
		{AA7BEBA8-C275-4C9B-BA08-A371B71683E6}.Debug|x64.ActiveCfg = Debug|x64
		{AA7BEBA8-C275-4C9B-BA08-A371B71683E6}.Debug|x64.Build.0 = Debug|x64
		{AA7BEBA8-C275-4C9B-BA08-A371B71683E6}.Release|x64.ActiveCfg = Release|x64
		{AA7BEBA8-C275-4C9B-BA08-A371B71683E6}.Release|x64.Build.0 = Release|x64
		{940B8462-C224-4039-A23C-A10D6BCAFBED}.Debug|x64.ActiveCfg = Debug|x64
		{940B8462-C224-4039-A23C-A10D6BCAFBED}.Debug|x64.Build.0 = Debug|x64
		{940B8462-C224-4039-A23C-A10D6BCAFBED}.Release|x64.ActiveCfg = Release|x64
		{940B8462-C224-4039-A23C-A10D6BCAFBED}.Release|x64.Build.0 = Release|x64
		{672262A0-F3E9-4795-8A7F-3FED16C55BD1}.Debug|x64.ActiveCfg = Debug|x64
		{672262A0-F3E9-4795-8A7F-3FED16C55BD1}.Debug|x64.Build.0 = Debug|x64
		{672262A0-F3E9-4795-8A7F-3FED16C55BD1}.Release|x64.ActiveCfg = Release|x64
		{672262A0-F3E9-4795-8A7F-3FED16C55BD1}.Release|x64.Build.0 = Release|x64
		{40922717-3B8E-45F7-91C8-09E209AEF8AF}.Debug|x64.ActiveCfg = Debug|x64
		{40922717-3B8E-45F7-91C8-09E209AEF8AF}.Debug|x64.Build.0 = Debug|x64
		{40922717-3B8E-45F7-91C8-09E209AEF8AF}.Release|x64.ActiveCfg = Release|x64
		{40922717-3B8E-45F7-91C8-09E209AEF8AF}.Release|x64.Build.0 = Release|x64
		{C4939E82-22A4-4505-B2D2-66B8A3B4CD71}.Debug|x64.ActiveCfg = Debug|x64
		{C4939E82-22A4-4505-B2D2-66B8A3B4CD71}.Debug|x64.Build.0 = Debug|x64
		{C4939E82-22A4-4505-B2D2-66B8A3B4CD71}.Release|x64.ActiveCfg = Release|x64
		{C4939E82-22A4-4505-B2D2-66B8A3B4CD71}.Release|x64.Build.0 = Release|x64
		{05FC4A55-53AF-483E-9FCD-5FCF6C92F21B}.Debug|x64.ActiveCfg = Debug|x64
		{05FC4A55-53AF-483E-9FCD-5FCF6C92F21B}.Debug|x64.Build.0 = Debug|x64
		{05FC4A55-53AF-483E-9FCD-5FCF6C92F21B}.Release|x64.ActiveCfg = Release|x64
		{05FC4A55-53AF-483E-9FCD-5FCF6C92F21B}.Release|x64.Build.0 = Release|x64
		{BCBE19C8-8A27-4AFB-AD3B-9276C2BA0F36}.Debug|x64.ActiveCfg = Debug|x64
		{BCBE19C8-8A27-4AFB-AD3B-9276C2BA0F36}.Debug|x64.Build.0 = Debug|x64
		{BCBE19C8-8A27-4AFB-AD3B-9276C2BA0F36}.Release|x64.ActiveCfg = Release|x64
		{BCBE19C8-8A27-4AFB-AD3B-9276C2BA0F36}.Release|x64.Build.0 = Release|x64
		{1950486A-E32D-424D-B403-243F6A452517}.Debug|x64.ActiveCfg = Debug|x64
		{1950486A-E32D-424D-B403-243F6A452517}.Debug|x64.Build.0 = Debug|x64
		{1950486A-E32D-424D-B403-243F6A452517}.Release|x64.ActiveCfg = Release|x64
		{1950486A-E32D-424D-B403-243F6A452517}.Release|x64.Build.0 = Release|x64
		{D3E4D430-C961-4B76-B7CC-7A7F5B90C24E}.Debug|x64.ActiveCfg = Debug|x64
		{D3E4D430-C961-4B76-B7CC-7A7F5B90C24E}.Debug|x64.Build.0 = Debug|x64
		{D3E4D430-C961-4B76-B7CC-7A7F5B90C24E}.Release|x64.ActiveCfg = Release|x64
		{D3E4D430-C961-4B76-B7CC-7A7F5B90C24E}.Release|x64.Build.0 = Release|x64
		{33737D46-C44A-4FC5-A1F5-A441032D33FB}.Debug|x64.ActiveCfg = Debug|x64
		{33737D46-C44A-4FC5-A1F5-A441032D33FB}.Debug|x64.Build.0 = Debug|x64
		{33737D46-C44A-4FC5-A1F5-A441032D33FB}.Release|x64.ActiveCfg = Release|x64
		{33737D46-C44A-4FC5-A1F5-A441032D33FB}.Release|x64.Build.0 = Release|x64
	EndGlobalSection
	GlobalSection(SolutionProperties) = preSolution
		HideSolutionNode = FALSE
	EndGlobalSection
	GlobalSection(NestedProjects) = preSolution
		{94E1C5A1-2D56-40C9-94B1-B59D5D4C8DAA} = {9982C1F3-33A6-4CD6-9D5F-E8BF420AC414}
		{F73BD1EC-736D-4CE1-AFD9-FDB227E4E0B8} = {9982C1F3-33A6-4CD6-9D5F-E8BF420AC414}
		{940B8462-C224-4039-A23C-A10D6BCAFBED} = {9982C1F3-33A6-4CD6-9D5F-E8BF420AC414}
		{40922717-3B8E-45F7-91C8-09E209AEF8AF} = {9982C1F3-33A6-4CD6-9D5F-E8BF420AC414}
		{C4939E82-22A4-4505-B2D2-66B8A3B4CD71} = {9982C1F3-33A6-4CD6-9D5F-E8BF420AC414}
		{05FC4A55-53AF-483E-9FCD-5FCF6C92F21B} = {9982C1F3-33A6-4CD6-9D5F-E8BF420AC414}
		{BCBE19C8-8A27-4AFB-AD3B-9276C2BA0F36} = {9982C1F3-33A6-4CD6-9D5F-E8BF420AC414}
		{D3E4D430-C961-4B76-B7CC-7A7F5B90C24E} = {9982C1F3-33A6-4CD6-9D5F-E8BF420AC414}
		{33737D46-C44A-4FC5-A1F5-A441032D33FB} = {9982C1F3-33A6-4CD6-9D5F-E8BF420AC414}
	EndGlobalSection
	GlobalSection(ExtensibilityGlobals) = postSolution
		SolutionGuid = {46E572E5-9639-4EE0-9508-072778161B66}
	EndGlobalSection
EndGlobal
