
Microsoft Visual Studio Solution File, Format Version 12.00
# Visual Studio Version 17
VisualStudioVersion = 17.12.35527.113
MinimumVisualStudioVersion = 10.0.40219.1
Project("{8BC9CEB8-8B4A-11D0-8D11-00A0C91BC942}") = "basicEngine", "basicEngine\basicEngine.vcxproj", "{4C2DB017-DA5B-1C63-CFD9-6700B8C045BA}"
EndProject
Project("{2150E333-8FDC-42A3-9474-1A3956D46DE8}") = "content", "content", "{C8D5274F-AC00-46C7-1F8D-E88E81087A52}"
EndProject
Project("{8BC9CEB8-8B4A-11D0-8D11-00A0C91BC942}") = "01.Square", "triangle\triangle.vcxproj", "{0FAD5E8C-62D8-453E-93C9-A54638022170}"
	ProjectSection(ProjectDependencies) = postProject
		{4C2DB017-DA5B-1C63-CFD9-6700B8C045BA} = {4C2DB017-DA5B-1C63-CFD9-6700B8C045BA}
		{FDB36B85-8C84-47B3-A5AE-65DF4EE936C9} = {FDB36B85-8C84-47B3-A5AE-65DF4EE936C9}
	EndProjectSection
EndProject
Project("{8BC9CEB8-8B4A-11D0-8D11-00A0C91BC942}") = "component", "component\component.vcxproj", "{FDB36B85-8C84-47B3-A5AE-65DF4EE936C9}"
	ProjectSection(ProjectDependencies) = postProject
		{4C2DB017-DA5B-1C63-CFD9-6700B8C045BA} = {4C2DB017-DA5B-1C63-CFD9-6700B8C045BA}
	EndProjectSection
EndProject
Project("{8BC9CEB8-8B4A-11D0-8D11-00A0C91BC942}") = "07.Camera", "camera\Camera.vcxproj", "{AC67A5AB-6173-4E03-B314-E9C3EBB94545}"
	ProjectSection(ProjectDependencies) = postProject
		{4C2DB017-DA5B-1C63-CFD9-6700B8C045BA} = {4C2DB017-DA5B-1C63-CFD9-6700B8C045BA}
		{FDB36B85-8C84-47B3-A5AE-65DF4EE936C9} = {FDB36B85-8C84-47B3-A5AE-65DF4EE936C9}
	EndProjectSection
EndProject
Project("{8BC9CEB8-8B4A-11D0-8D11-00A0C91BC942}") = "02.Texture", "texture\texture.vcxproj", "{A851EF9E-3F29-488C-AFA4-564071568A75}"
EndProject
Project("{8BC9CEB8-8B4A-11D0-8D11-00A0C91BC942}") = "03.TextureArray", "textureArray\TextureArray.vcxproj", "{F02F74BF-D376-4767-9A90-104C93961A8A}"
EndProject
Project("{8BC9CEB8-8B4A-11D0-8D11-00A0C91BC942}") = "04.Skymap", "skymap\skymap.vcxproj", "{7CBE4E43-0826-4705-9DDE-11A7B13E96C8}"
EndProject
Project("{8BC9CEB8-8B4A-11D0-8D11-00A0C91BC942}") = "06.Imgui", "imgui\imgui.vcxproj", "{A71D6CA1-C738-4B5D-B4D7-8F85AA47712B}"
EndProject
Project("{8BC9CEB8-8B4A-11D0-8D11-00A0C91BC942}") = "05.Mouse", "Mouse\Mouse.vcxproj", "{8C4B8696-DBB5-41B8-B6DB-F7F6E5B98B57}"
	ProjectSection(ProjectDependencies) = postProject
		{4C2DB017-DA5B-1C63-CFD9-6700B8C045BA} = {4C2DB017-DA5B-1C63-CFD9-6700B8C045BA}
		{FDB36B85-8C84-47B3-A5AE-65DF4EE936C9} = {FDB36B85-8C84-47B3-A5AE-65DF4EE936C9}
	EndProjectSection
EndProject
Project("{8BC9CEB8-8B4A-11D0-8D11-00A0C91BC942}") = "08.3DModelLoad", "3DModelLoad\3DModelLoad.vcxproj", "{96BD3106-5090-46E9-89BF-4EC610A14A02}"
EndProject
Project("{8BC9CEB8-8B4A-11D0-8D11-00A0C91BC942}") = "Vulkan_test", "Vulkan_test\Vulkan_test.vcxproj", "{961CB7AD-D855-4611-8025-A94BC31029F5}"
EndProject
Project("{8BC9CEB8-8B4A-11D0-8D11-00A0C91BC942}") = "09.DescriptorCodeUpdate", "DescriptorCodeUpdate\DescriptorCodeUpdate.vcxproj", "{B58EDB0E-4D3B-4F61-9CEC-DACCCB023AA1}"
EndProject
Project("{8BC9CEB8-8B4A-11D0-8D11-00A0C91BC942}") = "10.PBRbasic", "PBRbasic\PBRbasic.vcxproj", "{30F42C4D-296C-4E8B-B8B9-3996D5DF3515}"
EndProject
Project("{8BC9CEB8-8B4A-11D0-8D11-00A0C91BC942}") = "11.ImageBasedLightingPBR", "ImageBasedLightingPBR\ImageBasedLightingPBR.vcxproj", "{7CA747FA-5A9B-4A37-806A-E9AEE45BD250}"
EndProject
Project("{8BC9CEB8-8B4A-11D0-8D11-00A0C91BC942}") = "00.basic", "00.basic\00.basic.vcxproj", "{816F6C07-10F4-47CB-AA62-637E145E83A6}"
EndProject
Project("{8BC9CEB8-8B4A-11D0-8D11-00A0C91BC942}") = "12.PBRModel", "11.PBRModel\11.PBRModel.vcxproj", "{424A4244-E42B-414C-97B5-F4A309F63D7F}"
EndProject
Project("{2150E333-8FDC-42A3-9474-1A3956D46DE8}") = "shaders", "shaders", "{8120791F-E306-43A2-AAEA-BA97B19D5094}"
	ProjectSection(SolutionItems) = preProject
		..\shader\cube.frag = ..\shader\cube.frag
		..\shader\cube.vert = ..\shader\cube.vert
		..\shader\filtercube.vert = ..\shader\filtercube.vert
		..\shader\genbrdflut.frag = ..\shader\genbrdflut.frag
		..\shader\genbrdflut.vert = ..\shader\genbrdflut.vert
		..\shader\IBLpbr.frag = ..\shader\IBLpbr.frag
		..\shader\IBLpbr.vert = ..\shader\IBLpbr.vert
		..\shader\IBLskybox.frag = ..\shader\IBLskybox.frag
		..\shader\IBLskybox.vert = ..\shader\IBLskybox.vert
		..\shader\irradiancecube.frag = ..\shader\irradiancecube.frag
		..\shader\loadmodel.frag = ..\shader\loadmodel.frag
		..\shader\loadmodel.vert = ..\shader\loadmodel.vert
		..\shader\loadmodel2.frag = ..\shader\loadmodel2.frag
		..\shader\NormalShader.frag = ..\shader\NormalShader.frag
		..\shader\NormalShader.vert = ..\shader\NormalShader.vert
		..\shader\pbr.frag = ..\shader\pbr.frag
		..\shader\pbr.vert = ..\shader\pbr.vert
		..\shader\pbrtexture.frag = ..\shader\pbrtexture.frag
		..\shader\pbrtexture.vert = ..\shader\pbrtexture.vert
		..\shader\prefilterenvmap.frag = ..\shader\prefilterenvmap.frag
		..\shader\reflect.frag = ..\shader\reflect.frag
		..\shader\reflect.vert = ..\shader\reflect.vert
		..\shader\skybox.frag = ..\shader\skybox.frag
		..\shader\skybox.vert = ..\shader\skybox.vert
		..\shader\Square.frag = ..\shader\Square.frag
		..\shader\Square.vert = ..\shader\Square.vert
		..\shader\Texture.frag = ..\shader\Texture.frag
		..\shader\Texture.vert = ..\shader\Texture.vert
	EndProjectSection
EndProject
Global
	GlobalSection(SolutionConfigurationPlatforms) = preSolution
		Debug|x64 = Debug|x64
		Release|x64 = Release|x64
	EndGlobalSection
	GlobalSection(ProjectConfigurationPlatforms) = postSolution
		{4C2DB017-DA5B-1C63-CFD9-6700B8C045BA}.Debug|x64.ActiveCfg = Debug|x64
		{4C2DB017-DA5B-1C63-CFD9-6700B8C045BA}.Debug|x64.Build.0 = Debug|x64
		{4C2DB017-DA5B-1C63-CFD9-6700B8C045BA}.Release|x64.ActiveCfg = Release|x64
		{4C2DB017-DA5B-1C63-CFD9-6700B8C045BA}.Release|x64.Build.0 = Release|x64
		{0FAD5E8C-62D8-453E-93C9-A54638022170}.Debug|x64.ActiveCfg = Debug|x64
		{0FAD5E8C-62D8-453E-93C9-A54638022170}.Debug|x64.Build.0 = Debug|x64
		{0FAD5E8C-62D8-453E-93C9-A54638022170}.Release|x64.ActiveCfg = Release|x64
		{0FAD5E8C-62D8-453E-93C9-A54638022170}.Release|x64.Build.0 = Release|x64
		{FDB36B85-8C84-47B3-A5AE-65DF4EE936C9}.Debug|x64.ActiveCfg = Debug|x64
		{FDB36B85-8C84-47B3-A5AE-65DF4EE936C9}.Debug|x64.Build.0 = Debug|x64
		{FDB36B85-8C84-47B3-A5AE-65DF4EE936C9}.Release|x64.ActiveCfg = Release|x64
		{FDB36B85-8C84-47B3-A5AE-65DF4EE936C9}.Release|x64.Build.0 = Release|x64
		{AC67A5AB-6173-4E03-B314-E9C3EBB94545}.Debug|x64.ActiveCfg = Debug|x64
		{AC67A5AB-6173-4E03-B314-E9C3EBB94545}.Debug|x64.Build.0 = Debug|x64
		{AC67A5AB-6173-4E03-B314-E9C3EBB94545}.Release|x64.ActiveCfg = Release|x64
		{AC67A5AB-6173-4E03-B314-E9C3EBB94545}.Release|x64.Build.0 = Release|x64
		{A851EF9E-3F29-488C-AFA4-564071568A75}.Debug|x64.ActiveCfg = Debug|x64
		{A851EF9E-3F29-488C-AFA4-564071568A75}.Debug|x64.Build.0 = Debug|x64
		{A851EF9E-3F29-488C-AFA4-564071568A75}.Release|x64.ActiveCfg = Release|x64
		{A851EF9E-3F29-488C-AFA4-564071568A75}.Release|x64.Build.0 = Release|x64
		{F02F74BF-D376-4767-9A90-104C93961A8A}.Debug|x64.ActiveCfg = Debug|x64
		{F02F74BF-D376-4767-9A90-104C93961A8A}.Debug|x64.Build.0 = Debug|x64
		{F02F74BF-D376-4767-9A90-104C93961A8A}.Release|x64.ActiveCfg = Release|x64
		{F02F74BF-D376-4767-9A90-104C93961A8A}.Release|x64.Build.0 = Release|x64
		{7CBE4E43-0826-4705-9DDE-11A7B13E96C8}.Debug|x64.ActiveCfg = Debug|x64
		{7CBE4E43-0826-4705-9DDE-11A7B13E96C8}.Debug|x64.Build.0 = Debug|x64
		{7CBE4E43-0826-4705-9DDE-11A7B13E96C8}.Release|x64.ActiveCfg = Release|x64
		{7CBE4E43-0826-4705-9DDE-11A7B13E96C8}.Release|x64.Build.0 = Release|x64
		{A71D6CA1-C738-4B5D-B4D7-8F85AA47712B}.Debug|x64.ActiveCfg = Debug|x64
		{A71D6CA1-C738-4B5D-B4D7-8F85AA47712B}.Debug|x64.Build.0 = Debug|x64
		{A71D6CA1-C738-4B5D-B4D7-8F85AA47712B}.Release|x64.ActiveCfg = Release|x64
		{A71D6CA1-C738-4B5D-B4D7-8F85AA47712B}.Release|x64.Build.0 = Release|x64
		{8C4B8696-DBB5-41B8-B6DB-F7F6E5B98B57}.Debug|x64.ActiveCfg = Debug|x64
		{8C4B8696-DBB5-41B8-B6DB-F7F6E5B98B57}.Debug|x64.Build.0 = Debug|x64
		{8C4B8696-DBB5-41B8-B6DB-F7F6E5B98B57}.Release|x64.ActiveCfg = Release|x64
		{8C4B8696-DBB5-41B8-B6DB-F7F6E5B98B57}.Release|x64.Build.0 = Release|x64
		{96BD3106-5090-46E9-89BF-4EC610A14A02}.Debug|x64.ActiveCfg = Debug|x64
		{96BD3106-5090-46E9-89BF-4EC610A14A02}.Debug|x64.Build.0 = Debug|x64
		{96BD3106-5090-46E9-89BF-4EC610A14A02}.Release|x64.ActiveCfg = Release|x64
		{96BD3106-5090-46E9-89BF-4EC610A14A02}.Release|x64.Build.0 = Release|x64
		{961CB7AD-D855-4611-8025-A94BC31029F5}.Debug|x64.ActiveCfg = Debug|x64
		{961CB7AD-D855-4611-8025-A94BC31029F5}.Debug|x64.Build.0 = Debug|x64
		{961CB7AD-D855-4611-8025-A94BC31029F5}.Release|x64.ActiveCfg = Release|x64
		{961CB7AD-D855-4611-8025-A94BC31029F5}.Release|x64.Build.0 = Release|x64
		{B58EDB0E-4D3B-4F61-9CEC-DACCCB023AA1}.Debug|x64.ActiveCfg = Debug|x64
		{B58EDB0E-4D3B-4F61-9CEC-DACCCB023AA1}.Debug|x64.Build.0 = Debug|x64
		{B58EDB0E-4D3B-4F61-9CEC-DACCCB023AA1}.Release|x64.ActiveCfg = Release|x64
		{B58EDB0E-4D3B-4F61-9CEC-DACCCB023AA1}.Release|x64.Build.0 = Release|x64
		{30F42C4D-296C-4E8B-B8B9-3996D5DF3515}.Debug|x64.ActiveCfg = Debug|x64
		{30F42C4D-296C-4E8B-B8B9-3996D5DF3515}.Debug|x64.Build.0 = Debug|x64
		{30F42C4D-296C-4E8B-B8B9-3996D5DF3515}.Release|x64.ActiveCfg = Release|x64
		{30F42C4D-296C-4E8B-B8B9-3996D5DF3515}.Release|x64.Build.0 = Release|x64
		{7CA747FA-5A9B-4A37-806A-E9AEE45BD250}.Debug|x64.ActiveCfg = Debug|x64
		{7CA747FA-5A9B-4A37-806A-E9AEE45BD250}.Debug|x64.Build.0 = Debug|x64
		{7CA747FA-5A9B-4A37-806A-E9AEE45BD250}.Release|x64.ActiveCfg = Release|x64
		{7CA747FA-5A9B-4A37-806A-E9AEE45BD250}.Release|x64.Build.0 = Release|x64
		{816F6C07-10F4-47CB-AA62-637E145E83A6}.Debug|x64.ActiveCfg = Debug|x64
		{816F6C07-10F4-47CB-AA62-637E145E83A6}.Debug|x64.Build.0 = Debug|x64
		{816F6C07-10F4-47CB-AA62-637E145E83A6}.Release|x64.ActiveCfg = Release|x64
		{816F6C07-10F4-47CB-AA62-637E145E83A6}.Release|x64.Build.0 = Release|x64
		{424A4244-E42B-414C-97B5-F4A309F63D7F}.Debug|x64.ActiveCfg = Debug|x64
		{424A4244-E42B-414C-97B5-F4A309F63D7F}.Debug|x64.Build.0 = Debug|x64
		{424A4244-E42B-414C-97B5-F4A309F63D7F}.Release|x64.ActiveCfg = Release|x64
		{424A4244-E42B-414C-97B5-F4A309F63D7F}.Release|x64.Build.0 = Release|x64
	EndGlobalSection
	GlobalSection(SolutionProperties) = preSolution
		HideSolutionNode = FALSE
	EndGlobalSection
	GlobalSection(NestedProjects) = preSolution
		{0FAD5E8C-62D8-453E-93C9-A54638022170} = {C8D5274F-AC00-46C7-1F8D-E88E81087A52}
		{AC67A5AB-6173-4E03-B314-E9C3EBB94545} = {C8D5274F-AC00-46C7-1F8D-E88E81087A52}
		{A851EF9E-3F29-488C-AFA4-564071568A75} = {C8D5274F-AC00-46C7-1F8D-E88E81087A52}
		{F02F74BF-D376-4767-9A90-104C93961A8A} = {C8D5274F-AC00-46C7-1F8D-E88E81087A52}
		{7CBE4E43-0826-4705-9DDE-11A7B13E96C8} = {C8D5274F-AC00-46C7-1F8D-E88E81087A52}
		{A71D6CA1-C738-4B5D-B4D7-8F85AA47712B} = {C8D5274F-AC00-46C7-1F8D-E88E81087A52}
		{8C4B8696-DBB5-41B8-B6DB-F7F6E5B98B57} = {C8D5274F-AC00-46C7-1F8D-E88E81087A52}
		{96BD3106-5090-46E9-89BF-4EC610A14A02} = {C8D5274F-AC00-46C7-1F8D-E88E81087A52}
		{B58EDB0E-4D3B-4F61-9CEC-DACCCB023AA1} = {C8D5274F-AC00-46C7-1F8D-E88E81087A52}
		{30F42C4D-296C-4E8B-B8B9-3996D5DF3515} = {C8D5274F-AC00-46C7-1F8D-E88E81087A52}
		{7CA747FA-5A9B-4A37-806A-E9AEE45BD250} = {C8D5274F-AC00-46C7-1F8D-E88E81087A52}
		{816F6C07-10F4-47CB-AA62-637E145E83A6} = {C8D5274F-AC00-46C7-1F8D-E88E81087A52}
		{424A4244-E42B-414C-97B5-F4A309F63D7F} = {C8D5274F-AC00-46C7-1F8D-E88E81087A52}
	EndGlobalSection
	GlobalSection(ExtensibilityGlobals) = postSolution
		SolutionGuid = {46E572E5-9639-4EE0-9508-072778161B66}
	EndGlobalSection
EndGlobal
