
Microsoft Visual Studio Solution File, Format Version 12.00
# Visual Studio Version 17
VisualStudioVersion = 17.12.35527.113
MinimumVisualStudioVersion = 10.0.40219.1
Project("{8BC9CEB8-8B4A-11D0-8D11-00A0C91BC942}") = "basicEngine", "basicEngine\basicEngine.vcxproj", "{4C2DB017-DA5B-1C63-CFD9-6700B8C045BA}"
	ProjectSection(ProjectDependencies) = postProject
		{1950486A-E32D-424D-B403-243F6A452517} = {1950486A-E32D-424D-B403-243F6A452517}
	EndProjectSection
EndProject
Project("{2150E333-8FDC-42A3-9474-1A3956D46DE8}") = "content", "content", "{C8D5274F-AC00-46C7-1F8D-E88E81087A52}"
EndProject
Project("{8BC9CEB8-8B4A-11D0-8D11-00A0C91BC942}") = "01.Square", "triangle\triangle.vcxproj", "{0FAD5E8C-62D8-453E-93C9-A54638022170}"
	ProjectSection(ProjectDependencies) = postProject
		{1950486A-E32D-424D-B403-243F6A452517} = {1950486A-E32D-424D-B403-243F6A452517}
		{4C2DB017-DA5B-1C63-CFD9-6700B8C045BA} = {4C2DB017-DA5B-1C63-CFD9-6700B8C045BA}
		{FDB36B85-8C84-47B3-A5AE-65DF4EE936C9} = {FDB36B85-8C84-47B3-A5AE-65DF4EE936C9}
	EndProjectSection
EndProject
Project("{8BC9CEB8-8B4A-11D0-8D11-00A0C91BC942}") = "component", "component\component.vcxproj", "{FDB36B85-8C84-47B3-A5AE-65DF4EE936C9}"
	ProjectSection(ProjectDependencies) = postProject
		{1950486A-E32D-424D-B403-243F6A452517} = {1950486A-E32D-424D-B403-243F6A452517}
		{4C2DB017-DA5B-1C63-CFD9-6700B8C045BA} = {4C2DB017-DA5B-1C63-CFD9-6700B8C045BA}
	EndProjectSection
EndProject
Project("{8BC9CEB8-8B4A-11D0-8D11-00A0C91BC942}") = "07.Camera", "camera\Camera.vcxproj", "{AC67A5AB-6173-4E03-B314-E9C3EBB94545}"
	ProjectSection(ProjectDependencies) = postProject
		{1950486A-E32D-424D-B403-243F6A452517} = {1950486A-E32D-424D-B403-243F6A452517}
		{4C2DB017-DA5B-1C63-CFD9-6700B8C045BA} = {4C2DB017-DA5B-1C63-CFD9-6700B8C045BA}
		{FDB36B85-8C84-47B3-A5AE-65DF4EE936C9} = {FDB36B85-8C84-47B3-A5AE-65DF4EE936C9}
	EndProjectSection
EndProject
Project("{8BC9CEB8-8B4A-11D0-8D11-00A0C91BC942}") = "02.Texture", "texture\texture.vcxproj", "{A851EF9E-3F29-488C-AFA4-564071568A75}"
	ProjectSection(ProjectDependencies) = postProject
		{1950486A-E32D-424D-B403-243F6A452517} = {1950486A-E32D-424D-B403-243F6A452517}
		{4C2DB017-DA5B-1C63-CFD9-6700B8C045BA} = {4C2DB017-DA5B-1C63-CFD9-6700B8C045BA}
		{FDB36B85-8C84-47B3-A5AE-65DF4EE936C9} = {FDB36B85-8C84-47B3-A5AE-65DF4EE936C9}
	EndProjectSection
EndProject
Project("{8BC9CEB8-8B4A-11D0-8D11-00A0C91BC942}") = "03.TextureArray", "textureArray\TextureArray.vcxproj", "{F02F74BF-D376-4767-9A90-104C93961A8A}"
	ProjectSection(ProjectDependencies) = postProject
		{1950486A-E32D-424D-B403-243F6A452517} = {1950486A-E32D-424D-B403-243F6A452517}
		{4C2DB017-DA5B-1C63-CFD9-6700B8C045BA} = {4C2DB017-DA5B-1C63-CFD9-6700B8C045BA}
		{FDB36B85-8C84-47B3-A5AE-65DF4EE936C9} = {FDB36B85-8C84-47B3-A5AE-65DF4EE936C9}
	EndProjectSection
EndProject
Project("{8BC9CEB8-8B4A-11D0-8D11-00A0C91BC942}") = "04.Skymap", "skymap\skymap.vcxproj", "{7CBE4E43-0826-4705-9DDE-11A7B13E96C8}"
	ProjectSection(ProjectDependencies) = postProject
		{1950486A-E32D-424D-B403-243F6A452517} = {1950486A-E32D-424D-B403-243F6A452517}
		{4C2DB017-DA5B-1C63-CFD9-6700B8C045BA} = {4C2DB017-DA5B-1C63-CFD9-6700B8C045BA}
		{FDB36B85-8C84-47B3-A5AE-65DF4EE936C9} = {FDB36B85-8C84-47B3-A5AE-65DF4EE936C9}
	EndProjectSection
EndProject
Project("{8BC9CEB8-8B4A-11D0-8D11-00A0C91BC942}") = "06.Imgui", "imgui\imgui.vcxproj", "{A71D6CA1-C738-4B5D-B4D7-8F85AA47712B}"
	ProjectSection(ProjectDependencies) = postProject
		{1950486A-E32D-424D-B403-243F6A452517} = {1950486A-E32D-424D-B403-243F6A452517}
		{4C2DB017-DA5B-1C63-CFD9-6700B8C045BA} = {4C2DB017-DA5B-1C63-CFD9-6700B8C045BA}
		{FDB36B85-8C84-47B3-A5AE-65DF4EE936C9} = {FDB36B85-8C84-47B3-A5AE-65DF4EE936C9}
	EndProjectSection
EndProject
Project("{8BC9CEB8-8B4A-11D0-8D11-00A0C91BC942}") = "05.Mouse", "Mouse\Mouse.vcxproj", "{8C4B8696-DBB5-41B8-B6DB-F7F6E5B98B57}"
	ProjectSection(ProjectDependencies) = postProject
		{1950486A-E32D-424D-B403-243F6A452517} = {1950486A-E32D-424D-B403-243F6A452517}
		{4C2DB017-DA5B-1C63-CFD9-6700B8C045BA} = {4C2DB017-DA5B-1C63-CFD9-6700B8C045BA}
		{FDB36B85-8C84-47B3-A5AE-65DF4EE936C9} = {FDB36B85-8C84-47B3-A5AE-65DF4EE936C9}
	EndProjectSection
EndProject
Project("{8BC9CEB8-8B4A-11D0-8D11-00A0C91BC942}") = "08.3DModelLoad", "3DModelLoad\3DModelLoad.vcxproj", "{96BD3106-5090-46E9-89BF-4EC610A14A02}"
	ProjectSection(ProjectDependencies) = postProject
		{1950486A-E32D-424D-B403-243F6A452517} = {1950486A-E32D-424D-B403-243F6A452517}
		{4C2DB017-DA5B-1C63-CFD9-6700B8C045BA} = {4C2DB017-DA5B-1C63-CFD9-6700B8C045BA}
		{FDB36B85-8C84-47B3-A5AE-65DF4EE936C9} = {FDB36B85-8C84-47B3-A5AE-65DF4EE936C9}
	EndProjectSection
EndProject
Project("{8BC9CEB8-8B4A-11D0-8D11-00A0C91BC942}") = "Vulkan_test", "Vulkan_test\Vulkan_test.vcxproj", "{961CB7AD-D855-4611-8025-A94BC31029F5}"
EndProject
Project("{8BC9CEB8-8B4A-11D0-8D11-00A0C91BC942}") = "09.DescriptorCodeUpdate", "DescriptorCodeUpdate\DescriptorCodeUpdate.vcxproj", "{B58EDB0E-4D3B-4F61-9CEC-DACCCB023AA1}"
	ProjectSection(ProjectDependencies) = postProject
		{1950486A-E32D-424D-B403-243F6A452517} = {1950486A-E32D-424D-B403-243F6A452517}
		{4C2DB017-DA5B-1C63-CFD9-6700B8C045BA} = {4C2DB017-DA5B-1C63-CFD9-6700B8C045BA}
		{FDB36B85-8C84-47B3-A5AE-65DF4EE936C9} = {FDB36B85-8C84-47B3-A5AE-65DF4EE936C9}
	EndProjectSection
EndProject
Project("{8BC9CEB8-8B4A-11D0-8D11-00A0C91BC942}") = "10.PBRbasic", "PBRbasic\PBRbasic.vcxproj", "{30F42C4D-296C-4E8B-B8B9-3996D5DF3515}"
	ProjectSection(ProjectDependencies) = postProject
		{1950486A-E32D-424D-B403-243F6A452517} = {1950486A-E32D-424D-B403-243F6A452517}
		{4C2DB017-DA5B-1C63-CFD9-6700B8C045BA} = {4C2DB017-DA5B-1C63-CFD9-6700B8C045BA}
		{FDB36B85-8C84-47B3-A5AE-65DF4EE936C9} = {FDB36B85-8C84-47B3-A5AE-65DF4EE936C9}
	EndProjectSection
EndProject
Project("{8BC9CEB8-8B4A-11D0-8D11-00A0C91BC942}") = "11.ImageBasedLightingPBR", "ImageBasedLightingPBR\ImageBasedLightingPBR.vcxproj", "{7CA747FA-5A9B-4A37-806A-E9AEE45BD250}"
	ProjectSection(ProjectDependencies) = postProject
		{1950486A-E32D-424D-B403-243F6A452517} = {1950486A-E32D-424D-B403-243F6A452517}
		{4C2DB017-DA5B-1C63-CFD9-6700B8C045BA} = {4C2DB017-DA5B-1C63-CFD9-6700B8C045BA}
		{FDB36B85-8C84-47B3-A5AE-65DF4EE936C9} = {FDB36B85-8C84-47B3-A5AE-65DF4EE936C9}
	EndProjectSection
EndProject
Project("{8BC9CEB8-8B4A-11D0-8D11-00A0C91BC942}") = "00.basic", "00.basic\00.basic.vcxproj", "{816F6C07-10F4-47CB-AA62-637E145E83A6}"
EndProject
Project("{8BC9CEB8-8B4A-11D0-8D11-00A0C91BC942}") = "12.PBRModel", "11.PBRModel\11.PBRModel.vcxproj", "{424A4244-E42B-414C-97B5-F4A309F63D7F}"
	ProjectSection(ProjectDependencies) = postProject
		{1950486A-E32D-424D-B403-243F6A452517} = {1950486A-E32D-424D-B403-243F6A452517}
		{4C2DB017-DA5B-1C63-CFD9-6700B8C045BA} = {4C2DB017-DA5B-1C63-CFD9-6700B8C045BA}
		{FDB36B85-8C84-47B3-A5AE-65DF4EE936C9} = {FDB36B85-8C84-47B3-A5AE-65DF4EE936C9}
	EndProjectSection
EndProject
Project("{8BC9CEB8-8B4A-11D0-8D11-00A0C91BC942}") = "13.computerShader", "computerShader\computerShader.vcxproj", "{6DA4C292-826B-4085-89E9-FA80C7B5C243}"
	ProjectSection(ProjectDependencies) = postProject
		{1950486A-E32D-424D-B403-243F6A452517} = {1950486A-E32D-424D-B403-243F6A452517}
		{4C2DB017-DA5B-1C63-CFD9-6700B8C045BA} = {4C2DB017-DA5B-1C63-CFD9-6700B8C045BA}
		{FDB36B85-8C84-47B3-A5AE-65DF4EE936C9} = {FDB36B85-8C84-47B3-A5AE-65DF4EE936C9}
	EndProjectSection
EndProject
Project("{8BC9CEB8-8B4A-11D0-8D11-00A0C91BC942}") = "14.gltfLoader", "14.gltfLoader\14.gltfLoader.vcxproj", "{40B4619E-8652-479C-BA91-EBB5459D8EE1}"
	ProjectSection(ProjectDependencies) = postProject
		{1950486A-E32D-424D-B403-243F6A452517} = {1950486A-E32D-424D-B403-243F6A452517}
		{4C2DB017-DA5B-1C63-CFD9-6700B8C045BA} = {4C2DB017-DA5B-1C63-CFD9-6700B8C045BA}
		{FDB36B85-8C84-47B3-A5AE-65DF4EE936C9} = {FDB36B85-8C84-47B3-A5AE-65DF4EE936C9}
	EndProjectSection
EndProject
Project("{8BC9CEB8-8B4A-11D0-8D11-00A0C91BC942}") = "01.basis2", "15.basis2\15.basis2.vcxproj", "{94E1C5A1-2D56-40C9-94B1-B59D5D4C8DAA}"
EndProject
Project("{8BC9CEB8-8B4A-11D0-8D11-00A0C91BC942}") = "02.shade_reflect", "15.shade_reflect\15.shade_reflect.vcxproj", "{F73BD1EC-736D-4CE1-AFD9-FDB227E4E0B8}"
EndProject
Project("{2150E333-8FDC-42A3-9474-1A3956D46DE8}") = "constent2", "constent2", "{9982C1F3-33A6-4CD6-9D5F-E8BF420AC414}"
EndProject
Project("{8BC9CEB8-8B4A-11D0-8D11-00A0C91BC942}") = "basicEngine2", "basicEngine2\basicEngine2.vcxproj", "{AA7BEBA8-C275-4C9B-BA08-A371B71683E6}"
	ProjectSection(ProjectDependencies) = postProject
		{1950486A-E32D-424D-B403-243F6A452517} = {1950486A-E32D-424D-B403-243F6A452517}
	EndProjectSection
EndProject
Project("{8BC9CEB8-8B4A-11D0-8D11-00A0C91BC942}") = "common", "common\common.vcxproj", "{1950486A-E32D-424D-B403-243F6A452517}"
EndProject
Project("{8BC9CEB8-8B4A-11D0-8D11-00A0C91BC942}") = "03.Pipeline", "03.Pipeline\03.Pipeline.vcxproj", "{940B8462-C224-4039-A23C-A10D6BCAFBED}"
EndProject
Project("{8BC9CEB8-8B4A-11D0-8D11-00A0C91BC942}") = "component2", "component2\component2.vcxproj", "{672262A0-F3E9-4795-8A7F-3FED16C55BD1}"
EndProject
Project("{8BC9CEB8-8B4A-11D0-8D11-00A0C91BC942}") = "04.skybox", "04.skybox\04.skybox.vcxproj", "{40922717-3B8E-45F7-91C8-09E209AEF8AF}"
EndProject
Project("{8BC9CEB8-8B4A-11D0-8D11-00A0C91BC942}") = "05.postprocessing", "05.postprocessing\05.postprocessing.vcxproj", "{C4939E82-22A4-4505-B2D2-66B8A3B4CD71}"
EndProject
Project("{8BC9CEB8-8B4A-11D0-8D11-00A0C91BC942}") = "00.renderGUI", "00.renderGUI\00.renderGUI.vcxproj", "{05FC4A55-53AF-483E-9FCD-5FCF6C92F21B}"
EndProject
Project("{8BC9CEB8-8B4A-11D0-8D11-00A0C91BC942}") = "06.GLTF", "06.GLTF\06.GLTF.vcxproj", "{BCBE19C8-8A27-4AFB-AD3B-9276C2BA0F36}"
EndProject
Global
	GlobalSection(SolutionConfigurationPlatforms) = preSolution
		Debug|x64 = Debug|x64
		Release|x64 = Release|x64
	EndGlobalSection
	GlobalSection(ProjectConfigurationPlatforms) = postSolution
		{4C2DB017-DA5B-1C63-CFD9-6700B8C045BA}.Debug|x64.ActiveCfg = Debug|x64
		{4C2DB017-DA5B-1C63-CFD9-6700B8C045BA}.Debug|x64.Build.0 = Debug|x64
		{4C2DB017-DA5B-1C63-CFD9-6700B8C045BA}.Release|x64.ActiveCfg = Release|x64
		{4C2DB017-DA5B-1C63-CFD9-6700B8C045BA}.Release|x64.Build.0 = Release|x64
		{0FAD5E8C-62D8-453E-93C9-A54638022170}.Debug|x64.ActiveCfg = Debug|x64
		{0FAD5E8C-62D8-453E-93C9-A54638022170}.Debug|x64.Build.0 = Debug|x64
		{0FAD5E8C-62D8-453E-93C9-A54638022170}.Release|x64.ActiveCfg = Release|x64
		{0FAD5E8C-62D8-453E-93C9-A54638022170}.Release|x64.Build.0 = Release|x64
		{FDB36B85-8C84-47B3-A5AE-65DF4EE936C9}.Debug|x64.ActiveCfg = Debug|x64
		{FDB36B85-8C84-47B3-A5AE-65DF4EE936C9}.Debug|x64.Build.0 = Debug|x64
		{FDB36B85-8C84-47B3-A5AE-65DF4EE936C9}.Release|x64.ActiveCfg = Release|x64
		{FDB36B85-8C84-47B3-A5AE-65DF4EE936C9}.Release|x64.Build.0 = Release|x64
		{AC67A5AB-6173-4E03-B314-E9C3EBB94545}.Debug|x64.ActiveCfg = Debug|x64
		{AC67A5AB-6173-4E03-B314-E9C3EBB94545}.Debug|x64.Build.0 = Debug|x64
		{AC67A5AB-6173-4E03-B314-E9C3EBB94545}.Release|x64.ActiveCfg = Release|x64
		{AC67A5AB-6173-4E03-B314-E9C3EBB94545}.Release|x64.Build.0 = Release|x64
		{A851EF9E-3F29-488C-AFA4-564071568A75}.Debug|x64.ActiveCfg = Debug|x64
		{A851EF9E-3F29-488C-AFA4-564071568A75}.Debug|x64.Build.0 = Debug|x64
		{A851EF9E-3F29-488C-AFA4-564071568A75}.Release|x64.ActiveCfg = Release|x64
		{A851EF9E-3F29-488C-AFA4-564071568A75}.Release|x64.Build.0 = Release|x64
		{F02F74BF-D376-4767-9A90-104C93961A8A}.Debug|x64.ActiveCfg = Debug|x64
		{F02F74BF-D376-4767-9A90-104C93961A8A}.Debug|x64.Build.0 = Debug|x64
		{F02F74BF-D376-4767-9A90-104C93961A8A}.Release|x64.ActiveCfg = Release|x64
		{F02F74BF-D376-4767-9A90-104C93961A8A}.Release|x64.Build.0 = Release|x64
		{7CBE4E43-0826-4705-9DDE-11A7B13E96C8}.Debug|x64.ActiveCfg = Debug|x64
		{7CBE4E43-0826-4705-9DDE-11A7B13E96C8}.Debug|x64.Build.0 = Debug|x64
		{7CBE4E43-0826-4705-9DDE-11A7B13E96C8}.Release|x64.ActiveCfg = Release|x64
		{7CBE4E43-0826-4705-9DDE-11A7B13E96C8}.Release|x64.Build.0 = Release|x64
		{A71D6CA1-C738-4B5D-B4D7-8F85AA47712B}.Debug|x64.ActiveCfg = Debug|x64
		{A71D6CA1-C738-4B5D-B4D7-8F85AA47712B}.Debug|x64.Build.0 = Debug|x64
		{A71D6CA1-C738-4B5D-B4D7-8F85AA47712B}.Release|x64.ActiveCfg = Release|x64
		{A71D6CA1-C738-4B5D-B4D7-8F85AA47712B}.Release|x64.Build.0 = Release|x64
		{8C4B8696-DBB5-41B8-B6DB-F7F6E5B98B57}.Debug|x64.ActiveCfg = Debug|x64
		{8C4B8696-DBB5-41B8-B6DB-F7F6E5B98B57}.Debug|x64.Build.0 = Debug|x64
		{8C4B8696-DBB5-41B8-B6DB-F7F6E5B98B57}.Release|x64.ActiveCfg = Release|x64
		{8C4B8696-DBB5-41B8-B6DB-F7F6E5B98B57}.Release|x64.Build.0 = Release|x64
		{96BD3106-5090-46E9-89BF-4EC610A14A02}.Debug|x64.ActiveCfg = Debug|x64
		{96BD3106-5090-46E9-89BF-4EC610A14A02}.Debug|x64.Build.0 = Debug|x64
		{96BD3106-5090-46E9-89BF-4EC610A14A02}.Release|x64.ActiveCfg = Release|x64
		{96BD3106-5090-46E9-89BF-4EC610A14A02}.Release|x64.Build.0 = Release|x64
		{961CB7AD-D855-4611-8025-A94BC31029F5}.Debug|x64.ActiveCfg = Debug|x64
		{961CB7AD-D855-4611-8025-A94BC31029F5}.Debug|x64.Build.0 = Debug|x64
		{961CB7AD-D855-4611-8025-A94BC31029F5}.Release|x64.ActiveCfg = Release|x64
		{961CB7AD-D855-4611-8025-A94BC31029F5}.Release|x64.Build.0 = Release|x64
		{B58EDB0E-4D3B-4F61-9CEC-DACCCB023AA1}.Debug|x64.ActiveCfg = Debug|x64
		{B58EDB0E-4D3B-4F61-9CEC-DACCCB023AA1}.Debug|x64.Build.0 = Debug|x64
		{B58EDB0E-4D3B-4F61-9CEC-DACCCB023AA1}.Release|x64.ActiveCfg = Release|x64
		{B58EDB0E-4D3B-4F61-9CEC-DACCCB023AA1}.Release|x64.Build.0 = Release|x64
		{30F42C4D-296C-4E8B-B8B9-3996D5DF3515}.Debug|x64.ActiveCfg = Debug|x64
		{30F42C4D-296C-4E8B-B8B9-3996D5DF3515}.Debug|x64.Build.0 = Debug|x64
		{30F42C4D-296C-4E8B-B8B9-3996D5DF3515}.Release|x64.ActiveCfg = Release|x64
		{30F42C4D-296C-4E8B-B8B9-3996D5DF3515}.Release|x64.Build.0 = Release|x64
		{7CA747FA-5A9B-4A37-806A-E9AEE45BD250}.Debug|x64.ActiveCfg = Debug|x64
		{7CA747FA-5A9B-4A37-806A-E9AEE45BD250}.Debug|x64.Build.0 = Debug|x64
		{7CA747FA-5A9B-4A37-806A-E9AEE45BD250}.Release|x64.ActiveCfg = Release|x64
		{7CA747FA-5A9B-4A37-806A-E9AEE45BD250}.Release|x64.Build.0 = Release|x64
		{816F6C07-10F4-47CB-AA62-637E145E83A6}.Debug|x64.ActiveCfg = Debug|x64
		{816F6C07-10F4-47CB-AA62-637E145E83A6}.Debug|x64.Build.0 = Debug|x64
		{816F6C07-10F4-47CB-AA62-637E145E83A6}.Release|x64.ActiveCfg = Release|x64
		{816F6C07-10F4-47CB-AA62-637E145E83A6}.Release|x64.Build.0 = Release|x64
		{424A4244-E42B-414C-97B5-F4A309F63D7F}.Debug|x64.ActiveCfg = Debug|x64
		{424A4244-E42B-414C-97B5-F4A309F63D7F}.Debug|x64.Build.0 = Debug|x64
		{424A4244-E42B-414C-97B5-F4A309F63D7F}.Release|x64.ActiveCfg = Release|x64
		{424A4244-E42B-414C-97B5-F4A309F63D7F}.Release|x64.Build.0 = Release|x64
		{6DA4C292-826B-4085-89E9-FA80C7B5C243}.Debug|x64.ActiveCfg = Debug|x64
		{6DA4C292-826B-4085-89E9-FA80C7B5C243}.Debug|x64.Build.0 = Debug|x64
		{6DA4C292-826B-4085-89E9-FA80C7B5C243}.Release|x64.ActiveCfg = Release|x64
		{6DA4C292-826B-4085-89E9-FA80C7B5C243}.Release|x64.Build.0 = Release|x64
		{40B4619E-8652-479C-BA91-EBB5459D8EE1}.Debug|x64.ActiveCfg = Debug|x64
		{40B4619E-8652-479C-BA91-EBB5459D8EE1}.Debug|x64.Build.0 = Debug|x64
		{40B4619E-8652-479C-BA91-EBB5459D8EE1}.Release|x64.ActiveCfg = Release|x64
		{40B4619E-8652-479C-BA91-EBB5459D8EE1}.Release|x64.Build.0 = Release|x64
		{94E1C5A1-2D56-40C9-94B1-B59D5D4C8DAA}.Debug|x64.ActiveCfg = Debug|x64
		{94E1C5A1-2D56-40C9-94B1-B59D5D4C8DAA}.Debug|x64.Build.0 = Debug|x64
		{94E1C5A1-2D56-40C9-94B1-B59D5D4C8DAA}.Release|x64.ActiveCfg = Release|x64
		{94E1C5A1-2D56-40C9-94B1-B59D5D4C8DAA}.Release|x64.Build.0 = Release|x64
		{F73BD1EC-736D-4CE1-AFD9-FDB227E4E0B8}.Debug|x64.ActiveCfg = Debug|x64
		{F73BD1EC-736D-4CE1-AFD9-FDB227E4E0B8}.Debug|x64.Build.0 = Debug|x64
		{F73BD1EC-736D-4CE1-AFD9-FDB227E4E0B8}.Release|x64.ActiveCfg = Release|x64
		{F73BD1EC-736D-4CE1-AFD9-FDB227E4E0B8}.Release|x64.Build.0 = Release|x64
		{AA7BEBA8-C275-4C9B-BA08-A371B71683E6}.Debug|x64.ActiveCfg = Debug|x64
		{AA7BEBA8-C275-4C9B-BA08-A371B71683E6}.Debug|x64.Build.0 = Debug|x64
		{AA7BEBA8-C275-4C9B-BA08-A371B71683E6}.Release|x64.ActiveCfg = Release|x64
		{AA7BEBA8-C275-4C9B-BA08-A371B71683E6}.Release|x64.Build.0 = Release|x64
		{1950486A-E32D-424D-B403-243F6A452517}.Debug|x64.ActiveCfg = Debug|x64
		{1950486A-E32D-424D-B403-243F6A452517}.Debug|x64.Build.0 = Debug|x64
		{1950486A-E32D-424D-B403-243F6A452517}.Release|x64.ActiveCfg = Release|x64
		{1950486A-E32D-424D-B403-243F6A452517}.Release|x64.Build.0 = Release|x64
		{940B8462-C224-4039-A23C-A10D6BCAFBED}.Debug|x64.ActiveCfg = Debug|x64
		{940B8462-C224-4039-A23C-A10D6BCAFBED}.Debug|x64.Build.0 = Debug|x64
		{940B8462-C224-4039-A23C-A10D6BCAFBED}.Release|x64.ActiveCfg = Release|x64
		{940B8462-C224-4039-A23C-A10D6BCAFBED}.Release|x64.Build.0 = Release|x64
		{672262A0-F3E9-4795-8A7F-3FED16C55BD1}.Debug|x64.ActiveCfg = Debug|x64
		{672262A0-F3E9-4795-8A7F-3FED16C55BD1}.Debug|x64.Build.0 = Debug|x64
		{672262A0-F3E9-4795-8A7F-3FED16C55BD1}.Release|x64.ActiveCfg = Release|x64
		{672262A0-F3E9-4795-8A7F-3FED16C55BD1}.Release|x64.Build.0 = Release|x64
		{40922717-3B8E-45F7-91C8-09E209AEF8AF}.Debug|x64.ActiveCfg = Debug|x64
		{40922717-3B8E-45F7-91C8-09E209AEF8AF}.Debug|x64.Build.0 = Debug|x64
		{40922717-3B8E-45F7-91C8-09E209AEF8AF}.Release|x64.ActiveCfg = Release|x64
		{40922717-3B8E-45F7-91C8-09E209AEF8AF}.Release|x64.Build.0 = Release|x64
		{C4939E82-22A4-4505-B2D2-66B8A3B4CD71}.Debug|x64.ActiveCfg = Debug|x64
		{C4939E82-22A4-4505-B2D2-66B8A3B4CD71}.Debug|x64.Build.0 = Debug|x64
		{C4939E82-22A4-4505-B2D2-66B8A3B4CD71}.Release|x64.ActiveCfg = Release|x64
		{C4939E82-22A4-4505-B2D2-66B8A3B4CD71}.Release|x64.Build.0 = Release|x64
		{05FC4A55-53AF-483E-9FCD-5FCF6C92F21B}.Debug|x64.ActiveCfg = Debug|x64
		{05FC4A55-53AF-483E-9FCD-5FCF6C92F21B}.Debug|x64.Build.0 = Debug|x64
		{05FC4A55-53AF-483E-9FCD-5FCF6C92F21B}.Release|x64.ActiveCfg = Release|x64
		{05FC4A55-53AF-483E-9FCD-5FCF6C92F21B}.Release|x64.Build.0 = Release|x64
		{BCBE19C8-8A27-4AFB-AD3B-9276C2BA0F36}.Debug|x64.ActiveCfg = Debug|x64
		{BCBE19C8-8A27-4AFB-AD3B-9276C2BA0F36}.Debug|x64.Build.0 = Debug|x64
		{BCBE19C8-8A27-4AFB-AD3B-9276C2BA0F36}.Release|x64.ActiveCfg = Release|x64
		{BCBE19C8-8A27-4AFB-AD3B-9276C2BA0F36}.Release|x64.Build.0 = Release|x64
	EndGlobalSection
	GlobalSection(SolutionProperties) = preSolution
		HideSolutionNode = FALSE
	EndGlobalSection
	GlobalSection(NestedProjects) = preSolution
		{0FAD5E8C-62D8-453E-93C9-A54638022170} = {C8D5274F-AC00-46C7-1F8D-E88E81087A52}
		{AC67A5AB-6173-4E03-B314-E9C3EBB94545} = {C8D5274F-AC00-46C7-1F8D-E88E81087A52}
		{A851EF9E-3F29-488C-AFA4-564071568A75} = {C8D5274F-AC00-46C7-1F8D-E88E81087A52}
		{F02F74BF-D376-4767-9A90-104C93961A8A} = {C8D5274F-AC00-46C7-1F8D-E88E81087A52}
		{7CBE4E43-0826-4705-9DDE-11A7B13E96C8} = {C8D5274F-AC00-46C7-1F8D-E88E81087A52}
		{A71D6CA1-C738-4B5D-B4D7-8F85AA47712B} = {C8D5274F-AC00-46C7-1F8D-E88E81087A52}
		{8C4B8696-DBB5-41B8-B6DB-F7F6E5B98B57} = {C8D5274F-AC00-46C7-1F8D-E88E81087A52}
		{96BD3106-5090-46E9-89BF-4EC610A14A02} = {C8D5274F-AC00-46C7-1F8D-E88E81087A52}
		{B58EDB0E-4D3B-4F61-9CEC-DACCCB023AA1} = {C8D5274F-AC00-46C7-1F8D-E88E81087A52}
		{30F42C4D-296C-4E8B-B8B9-3996D5DF3515} = {C8D5274F-AC00-46C7-1F8D-E88E81087A52}
		{7CA747FA-5A9B-4A37-806A-E9AEE45BD250} = {C8D5274F-AC00-46C7-1F8D-E88E81087A52}
		{816F6C07-10F4-47CB-AA62-637E145E83A6} = {C8D5274F-AC00-46C7-1F8D-E88E81087A52}
		{424A4244-E42B-414C-97B5-F4A309F63D7F} = {C8D5274F-AC00-46C7-1F8D-E88E81087A52}
		{6DA4C292-826B-4085-89E9-FA80C7B5C243} = {C8D5274F-AC00-46C7-1F8D-E88E81087A52}
		{40B4619E-8652-479C-BA91-EBB5459D8EE1} = {C8D5274F-AC00-46C7-1F8D-E88E81087A52}
		{94E1C5A1-2D56-40C9-94B1-B59D5D4C8DAA} = {9982C1F3-33A6-4CD6-9D5F-E8BF420AC414}
		{F73BD1EC-736D-4CE1-AFD9-FDB227E4E0B8} = {9982C1F3-33A6-4CD6-9D5F-E8BF420AC414}
		{940B8462-C224-4039-A23C-A10D6BCAFBED} = {9982C1F3-33A6-4CD6-9D5F-E8BF420AC414}
		{40922717-3B8E-45F7-91C8-09E209AEF8AF} = {9982C1F3-33A6-4CD6-9D5F-E8BF420AC414}
		{C4939E82-22A4-4505-B2D2-66B8A3B4CD71} = {9982C1F3-33A6-4CD6-9D5F-E8BF420AC414}
		{05FC4A55-53AF-483E-9FCD-5FCF6C92F21B} = {9982C1F3-33A6-4CD6-9D5F-E8BF420AC414}
		{BCBE19C8-8A27-4AFB-AD3B-9276C2BA0F36} = {9982C1F3-33A6-4CD6-9D5F-E8BF420AC414}
	EndGlobalSection
	GlobalSection(ExtensibilityGlobals) = postSolution
		SolutionGuid = {46E572E5-9639-4EE0-9508-072778161B66}
	EndGlobalSection
EndGlobal
