<?xml version="1.0" encoding="utf-8"?>
<Project ToolsVersion="4.0" xmlns="http://schemas.microsoft.com/developer/msbuild/2003">
  <ItemGroup>
    <ClCompile Include="..\..\app\engine2\VKComputePipeline.cpp" />
    <ClCompile Include="..\..\app\engine2\VKDescriptorSet.cpp" />
    <ClCompile Include="..\..\app\engine2\VKAnimation.cpp" />
    <ClCompile Include="..\..\app\engine2\VKForwardPbrPipeline.cpp" />
    <ClCompile Include="..\..\app\engine2\VKGuipiPipeline.cpp" />
    <ClCompile Include="..\..\app\engine2\VKPostProcessingpiPipeline.cpp" />
    <ClCompile Include="..\..\app\engine2\VKPushConstants.cpp" />
    <ClCompile Include="..\..\app\engine2\VKbarrier2.cpp" />
    <ClCompile Include="..\..\app\engine2\VKbuffer2.cpp" />
    <ClCompile Include="..\..\app\engine2\VKCommandBufferHander.cpp" />
    <ClCompile Include="..\..\app\engine2\VKContext.cpp" />
    <ClCompile Include="..\..\app\engine2\VKDescriptorManager2.cpp" />
    <ClCompile Include="..\..\app\engine2\VKdescriptorPool.cpp" />
    <ClCompile Include="..\..\app\engine2\VKdeviceHandler2.cpp" />
    <ClCompile Include="..\..\app\engine2\VKImage2D.cpp" />
    <ClCompile Include="..\..\app\engine2\VKMaterial.cpp" />
    <ClCompile Include="..\..\app\engine2\VKMesh.cpp" />
    <ClCompile Include="..\..\app\engine2\VKModel.cpp" />
    <ClCompile Include="..\..\app\engine2\VKModelLoader.cpp" />
    <ClCompile Include="..\..\app\engine2\VKModelNode.cpp" />
    <ClCompile Include="..\..\app\engine2\VKpipeLineHandle.cpp" />
    <ClCompile Include="..\..\app\engine2\VKSamplerHandler.cpp" />
    <ClCompile Include="..\..\app\engine2\VKshader.cpp" />
    <ClCompile Include="..\..\app\engine2\VKShaderManager.cpp" />
    <ClCompile Include="..\..\app\engine2\VKShadowMapPiPipeline.cpp" />
    <ClCompile Include="..\..\app\engine2\VKSkyboxpiPipeline.cpp" />
    <ClCompile Include="..\..\app\engine2\VKSquarepiPipeline.cpp" />
    <ClCompile Include="..\..\app\engine2\VKDeferredPBRPipeline.cpp" />
    <ClCompile Include="..\..\app\engine2\VKswapchain.cpp" />
    <ClCompile Include="..\..\app\engine2\VKViewFrustum.cpp" />
    <ClCompile Include="..\..\app\engine2\VKRenderGraph.cpp" />
    <ClCompile Include="..\..\app\engine2\VKShaderResource.cpp" />
    <ClCompile Include="..\..\app\engine2\VKtexturesTable.cpp" />
  </ItemGroup>
  <ItemGroup>
    <ClInclude Include="..\..\include\engine2\VKDescriptorSet.h" />
    <ClInclude Include="..\..\include\engine2\VKPushConstants.h" />
    <ClInclude Include="..\..\include\engine2\VKAnimation.h" />
    <ClInclude Include="..\..\include\engine2\VKbarrier2.h" />
    <ClInclude Include="..\..\include\engine2\VKbuffer2.h" />
    <ClInclude Include="..\..\include\engine2\VKCommandBufferHander.h" />
    <ClInclude Include="..\..\include\engine2\VKContext.h" />
    <ClInclude Include="..\..\include\engine2\VKDescriptorManager2.h" />
    <ClInclude Include="..\..\include\engine2\VKdescriptorPool.h" />
    <ClInclude Include="..\..\include\engine2\VKdeviceHandler2.h" />
    <ClInclude Include="..\..\include\engine2\VKImage2D.h" />
    <ClInclude Include="..\..\include\engine2\VKpipeLineHandle.h" />
    <ClInclude Include="..\..\include\engine2\VKMaterial.h" />
    <ClInclude Include="..\..\include\engine2\VKMesh.h" />
    <ClInclude Include="..\..\include\engine2\VKModel.h" />
    <ClInclude Include="..\..\include\engine2\VKModelLoader.h" />
    <ClInclude Include="..\..\include\engine2\VKModelNode.h" />
    <ClInclude Include="..\..\include\engine2\h" />
    <ClInclude Include="..\..\include\engine2\VKSamplerHandler.h" />
    <ClInclude Include="..\..\include\engine2\VKshader.h" />
    <ClInclude Include="..\..\include\engine2\VKShaderManager.h" />
    <ClInclude Include="..\..\include\engine2\VKswapchain.h" />
    <ClInclude Include="..\..\include\engine2\VKUniformBuffer2.h" />
    <ClInclude Include="..\..\include\engine2\VKViewFrustum.h" />
    <ClInclude Include="..\..\include\engine2\VKShaderResource.h" />
    <ClInclude Include="..\..\include\engine2\VKRenderGraph.h" />
    <ClInclude Include="..\..\include\engine2\VKtexturesTable.h" />
  </ItemGroup>
</Project>