<?xml version="1.0" encoding="utf-8"?>
<Project ToolsVersion="4.0" xmlns="http://schemas.microsoft.com/developer/msbuild/2003">
  <ItemGroup>
    <Filter Include="source">
      <UniqueIdentifier>{ddaa6905-34d3-491e-801f-49ca25bc1284}</UniqueIdentifier>
    </Filter>
    <Filter Include="external">
      <UniqueIdentifier>{6d4bdeae-2764-436e-ba73-fb09cc907caf}</UniqueIdentifier>
    </Filter>
  </ItemGroup>
  <ItemGroup>
    <ClCompile Include="..\..\app\source\engine\VKbuffer.cpp">
      <Filter>source</Filter>
    </ClCompile>
    <ClCompile Include="..\..\app\source\engine\VKdevice.cpp">
      <Filter>source</Filter>
    </ClCompile>
    <ClCompile Include="..\..\app\source\engine\VKengine.cpp">
      <Filter>source</Filter>
    </ClCompile>
    <ClCompile Include="..\..\app\source\engine\VKswapchain.cpp">
      <Filter>source</Filter>
    </ClCompile>
    <ClCompile Include="..\..\app\common\VKmath.cpp">
      <Filter>source</Filter>
    </ClCompile>
    <ClCompile Include="..\..\app\source\engine\VKDescriptor.cpp">
      <Filter>source</Filter>
    </ClCompile>
    <ClCompile Include="..\..\app\source\engine\VKtexture.cpp">
      <Filter>source</Filter>
    </ClCompile>
    <ClCompile Include="..\..\app\source\engine\VKDescriptorManager.cpp">
      <Filter>source</Filter>
    </ClCompile>
  </ItemGroup>
  <ItemGroup>
    <ClInclude Include="..\..\include\source\engine\VKbuffer.h">
      <Filter>source</Filter>
    </ClInclude>
    <ClInclude Include="..\..\include\source\engine\VKdevice.h">
      <Filter>source</Filter>
    </ClInclude>
    <ClInclude Include="..\..\include\source\engine\VKengine.h">
      <Filter>source</Filter>
    </ClInclude>
    <ClInclude Include="..\..\include\source\engine\VKswapchain.h">
      <Filter>source</Filter>
    </ClInclude>
    <ClInclude Include="..\..\include\common\VKmath.h">
      <Filter>source</Filter>
    </ClInclude>
    <ClInclude Include="..\..\include\source\engine\VKDescriptor.h">
      <Filter>source</Filter>
    </ClInclude>
    <ClInclude Include="..\..\include\source\engine\VKtexture.h">
      <Filter>source</Filter>
    </ClInclude>
    <ClInclude Include="..\..\include\source\engine\VKmemoryAlloc.h">
      <Filter>source</Filter>
    </ClInclude>
    <ClInclude Include="..\..\include\source\engine\VKDescriptorManager.h">
      <Filter>source</Filter>
    </ClInclude>
  </ItemGroup>
</Project>