<?xml version="1.0" encoding="utf-8"?>
<Project ToolsVersion="4.0" xmlns="http://schemas.microsoft.com/developer/msbuild/2003">
  <ItemGroup>
    <Filter Include="app">
      <UniqueIdentifier>{7ed25e75-d24e-4c3f-bd6e-e330145fa96b}</UniqueIdentifier>
    </Filter>
    <Filter Include="shader">
      <UniqueIdentifier>{2bf0c416-4f91-42d5-8c3e-3d7efc72ce67}</UniqueIdentifier>
    </Filter>
    <Filter Include="app\cpp">
      <UniqueIdentifier>{7bb68065-440e-4a83-b7a0-e1a0705f268d}</UniqueIdentifier>
    </Filter>
    <Filter Include="app\cuda">
      <UniqueIdentifier>{67f19908-9ccd-4691-9a3c-46a31bedd3ec}</UniqueIdentifier>
    </Filter>
    <Filter Include="app\source">
      <UniqueIdentifier>{5e6e231c-5ec9-4c8e-bff7-07f387109247}</UniqueIdentifier>
    </Filter>
    <Filter Include="resource">
      <UniqueIdentifier>{0beb9b76-d315-4778-91e3-db48ab1a5a4a}</UniqueIdentifier>
    </Filter>
    <Filter Include="app\common">
      <UniqueIdentifier>{b4dc38b5-c71e-4511-bcc0-899de4f87039}</UniqueIdentifier>
    </Filter>
  </ItemGroup>
  <ItemGroup>
    <ClCompile Include="..\..\app\source\vulkanTest\Camera.cpp">
      <Filter>app\source</Filter>
    </ClCompile>
    <ClCompile Include="..\..\app\source\vulkanTest\DebugFunction.cpp">
      <Filter>app\source</Filter>
    </ClCompile>
    <ClCompile Include="..\..\app\source\vulkanTest\Application.cpp">
      <Filter>app\source</Filter>
    </ClCompile>
    <ClCompile Include="..\..\app\source\_common.cpp">
      <Filter>app\common</Filter>
    </ClCompile>
    <ClCompile Include="..\..\app\source\main_vulkanTest.cpp" />
  </ItemGroup>
  <ItemGroup>
    <ClInclude Include="..\..\app\source\vulkanTest\Camera.h">
      <Filter>app\source</Filter>
    </ClInclude>
    <ClInclude Include="..\..\app\source\vulkanTest\DebugFunction.h">
      <Filter>app\source</Filter>
    </ClInclude>
    <ClInclude Include="..\..\app\source\vulkanTest\Application.h">
      <Filter>app\source</Filter>
    </ClInclude>
    <ClInclude Include="..\..\app\source\_common.h">
      <Filter>app\common</Filter>
    </ClInclude>
    <ClInclude Include="..\..\app\source\object_data.h">
      <Filter>app\common</Filter>
    </ClInclude>
  </ItemGroup>
  <ItemGroup>
    <None Include="..\..\shader\compile.bat">
      <Filter>shader</Filter>
    </None>
    <None Include="..\..\shader\compile_debug.bat">
      <Filter>shader</Filter>
    </None>
    <None Include="..\..\shader\frag.spv">
      <Filter>shader</Filter>
    </None>
    <None Include="..\..\shader\shader.frag">
      <Filter>shader</Filter>
    </None>
    <None Include="..\..\shader\shader.vert">
      <Filter>shader</Filter>
    </None>
    <None Include="..\..\shader\vert.spv">
      <Filter>shader</Filter>
    </None>
  </ItemGroup>
</Project>