<?xml version="1.0" encoding="utf-8"?>
<Project ToolsVersion="4.0" xmlns="http://schemas.microsoft.com/developer/msbuild/2003">
  <ItemGroup>
    <Filter Include="component2">
      <UniqueIdentifier>{23b77d1d-218f-4907-b49e-4701d8ae6b27}</UniqueIdentifier>
    </Filter>
    <Filter Include="imgui">
      <UniqueIdentifier>{7f18d27f-f875-4182-9ff8-cb9d6fd69754}</UniqueIdentifier>
    </Filter>
  </ItemGroup>
  <ItemGroup>
    <ClCompile Include="..\..\app\component2\Camera2.cpp">
      <Filter>component2</Filter>
    </ClCompile>
    <ClCompile Include="..\..\app\component2\VKwindow.cpp">
      <Filter>component2</Filter>
    </ClCompile>
    <ClCompile Include="..\..\app\component2\VKgui.cpp">
      <Filter>component2</Filter>
    </ClCompile>
    <ClCompile Include="..\..\app\component2\VKengine2.cpp">
      <Filter>component2</Filter>
    </ClCompile>
    <ClCompile Include="..\..\app\component\imgui\imgui.cpp">
      <Filter>imgui</Filter>
    </ClCompile>
    <ClCompile Include="..\..\app\component\imgui\imgui_draw.cpp">
      <Filter>imgui</Filter>
    </ClCompile>
    <ClCompile Include="..\..\app\component\imgui\imgui_tables.cpp">
      <Filter>imgui</Filter>
    </ClCompile>
    <ClCompile Include="..\..\app\component\imgui\imgui_widgets.cpp">
      <Filter>imgui</Filter>
    </ClCompile>
  </ItemGroup>
  <ItemGroup>
    <ClInclude Include="..\..\include\component2\Camera2.h">
      <Filter>component2</Filter>
    </ClInclude>
    <ClInclude Include="..\..\include\component2\VKwindow.h">
      <Filter>component2</Filter>
    </ClInclude>
    <ClInclude Include="..\..\include\component2\VKgui.h">
      <Filter>component2</Filter>
    </ClInclude>
    <ClInclude Include="..\..\include\component2\VKengine2.h">
      <Filter>component2</Filter>
    </ClInclude>
  </ItemGroup>
</Project>